// !$*UTF8*$!
{
	archiveVersion = 1;
	classes = {
	};
	objectVersion = 55;
	objects = {

/* Begin PBXBuildFile section */
		138439012887191F003C68EE /* AppDelegate.swift in Sources */ = {isa = PBXBuildFile; fileRef = 138439002887191F003C68EE /* AppDelegate.swift */; };
		138439032887191F003C68EE /* SceneDelegate.swift in Sources */ = {isa = PBXBuildFile; fileRef = 138439022887191F003C68EE /* SceneDelegate.swift */; };
		138439052887191F003C68EE /* ViewController.swift in Sources */ = {isa = PBXBuildFile; fileRef = 138439042887191F003C68EE /* ViewController.swift */; };
		138439082887191F003C68EE /* Main.storyboard in Resources */ = {isa = PBXBuildFile; fileRef = 138439062887191F003C68EE /* Main.storyboard */; };
		1384390B2887191F003C68EE /* GetItTogetherApp.xcdatamodeld in Sources */ = {isa = PBXBuildFile; fileRef = 138439092887191F003C68EE /* GetItTogetherApp.xcdatamodeld */; };
		1384390D28871921003C68EE /* Assets.xcassets in Resources */ = {isa = PBXBuildFile; fileRef = 1384390C28871921003C68EE /* Assets.xcassets */; };
		1384391028871921003C68EE /* LaunchScreen.storyboard in Resources */ = {isa = PBXBuildFile; fileRef = 1384390E28871921003C68EE /* LaunchScreen.storyboard */; };
		896095142889A25700C3AB88 /* CalenderCell.swift in Sources */ = {isa = PBXBuildFile; fileRef = 896095132889A25700C3AB88 /* CalenderCell.swift */; };
		896095162889D63800C3AB88 /* CalenderHelper.swift in Sources */ = {isa = PBXBuildFile; fileRef = 896095152889D63800C3AB88 /* CalenderHelper.swift */; };
		89609518288A0FFF00C3AB88 /* getITTogether.2.swift in Sources */ = {isa = PBXBuildFile; fileRef = 89609517288A0FFF00C3AB88 /* getITTogether.2.swift */; };
/* End PBXBuildFile section */

/* Begin PBXFileReference section */
		138438FD2887191F003C68EE /* GetItTogetherApp.app */ = {isa = PBXFileReference; explicitFileType = wrapper.application; includeInIndex = 0; path = GetItTogetherApp.app; sourceTree = BUILT_PRODUCTS_DIR; };
		138439002887191F003C68EE /* AppDelegate.swift */ = {isa = PBXFileReference; lastKnownFileType = sourcecode.swift; path = AppDelegate.swift; sourceTree = "<group>"; };
		138439022887191F003C68EE /* SceneDelegate.swift */ = {isa = PBXFileReference; lastKnownFileType = sourcecode.swift; path = SceneDelegate.swift; sourceTree = "<group>"; };
		138439042887191F003C68EE /* ViewController.swift */ = {isa = PBXFileReference; lastKnownFileType = sourcecode.swift; path = ViewController.swift; sourceTree = "<group>"; };
		138439072887191F003C68EE /* Base */ = {isa = PBXFileReference; lastKnownFileType = file.storyboard; name = Base; path = Base.lproj/Main.storyboard; sourceTree = "<group>"; };
		1384390A2887191F003C68EE /* GetItTogetherApp.xcdatamodel */ = {isa = PBXFileReference; lastKnownFileType = wrapper.xcdatamodel; path = GetItTogetherApp.xcdatamodel; sourceTree = "<group>"; };
		1384390C28871921003C68EE /* Assets.xcassets */ = {isa = PBXFileReference; lastKnownFileType = folder.assetcatalog; path = Assets.xcassets; sourceTree = "<group>"; };
		1384390F28871921003C68EE /* Base */ = {isa = PBXFileReference; lastKnownFileType = file.storyboard; name = Base; path = Base.lproj/LaunchScreen.storyboard; sourceTree = "<group>"; };
		1384391128871921003C68EE /* Info.plist */ = {isa = PBXFileReference; lastKnownFileType = text.plist.xml; path = Info.plist; sourceTree = "<group>"; };
		896095132889A25700C3AB88 /* CalenderCell.swift */ = {isa = PBXFileReference; lastKnownFileType = sourcecode.swift; path = CalenderCell.swift; sourceTree = "<group>"; };
		896095152889D63800C3AB88 /* CalenderHelper.swift */ = {isa = PBXFileReference; lastKnownFileType = sourcecode.swift; path = CalenderHelper.swift; sourceTree = "<group>"; };
		89609517288A0FFF00C3AB88 /* getITTogether.2.swift */ = {isa = PBXFileReference; lastKnownFileType = sourcecode.swift; path = getITTogether.2.swift; sourceTree = "<group>"; };
/* End PBXFileReference section */

/* Begin PBXFrameworksBuildPhase section */
		138438FA2887191F003C68EE /* Frameworks */ = {
			isa = PBXFrameworksBuildPhase;
			buildActionMask = 2147483647;
			files = (
			);
			runOnlyForDeploymentPostprocessing = 0;
		};
/* End PBXFrameworksBuildPhase section */

/* Begin PBXGroup section */
		138438F42887191E003C68EE = {
			isa = PBXGroup;
			children = (
				138438FF2887191F003C68EE /* GetItTogetherApp */,
				138438FE2887191F003C68EE /* Products */,
			);
			sourceTree = "<group>";
		};
		138438FE2887191F003C68EE /* Products */ = {
			isa = PBXGroup;
			children = (
				138438FD2887191F003C68EE /* GetItTogetherApp.app */,
			);
			name = Products;
			sourceTree = "<group>";
		};
		138438FF2887191F003C68EE /* GetItTogetherApp */ = {
			isa = PBXGroup;
			children = (
				138439002887191F003C68EE /* AppDelegate.swift */,
				138439022887191F003C68EE /* SceneDelegate.swift */,
				138439042887191F003C68EE /* ViewController.swift */,
				896095152889D63800C3AB88 /* CalenderHelper.swift */,
				138439062887191F003C68EE /* Main.storyboard */,
				89609517288A0FFF00C3AB88 /* getITTogether.2.swift */,
				896095132889A25700C3AB88 /* CalenderCell.swift */,
				1384390C28871921003C68EE /* Assets.xcassets */,
				1384390E28871921003C68EE /* LaunchScreen.storyboard */,
				1384391128871921003C68EE /* Info.plist */,
				138439092887191F003C68EE /* GetItTogetherApp.xcdatamodeld */,
			);
			path = GetItTogetherApp;
			sourceTree = "<group>";
		};
/* End PBXGroup section */

/* Begin PBXNativeTarget section */
		138438FC2887191F003C68EE /* GetItTogetherApp */ = {
			isa = PBXNativeTarget;
			buildConfigurationList = 1384391428871921003C68EE /* Build configuration list for PBXNativeTarget "GetItTogetherApp" */;
			buildPhases = (
				138438F92887191F003C68EE /* Sources */,
				138438FA2887191F003C68EE /* Frameworks */,
				138438FB2887191F003C68EE /* Resources */,
			);
			buildRules = (
			);
			dependencies = (
			);
			name = GetItTogetherApp;
			productName = GetItTogetherApp;
			productReference = 138438FD2887191F003C68EE /* GetItTogetherApp.app */;
			productType = "com.apple.product-type.application";
		};
/* End PBXNativeTarget section */

/* Begin PBXProject section */
		138438F52887191E003C68EE /* Project object */ = {
			isa = PBXProject;
			attributes = {
				BuildIndependentTargetsInParallel = 1;
				LastSwiftUpdateCheck = 1340;
				LastUpgradeCheck = 1340;
				TargetAttributes = {
					138438FC2887191F003C68EE = {
						CreatedOnToolsVersion = 13.4.1;
					};
				};
			};
			buildConfigurationList = 138438F82887191E003C68EE /* Build configuration list for PBXProject "GetItTogetherApp" */;
			compatibilityVersion = "Xcode 13.0";
			developmentRegion = en;
			hasScannedForEncodings = 0;
			knownRegions = (
				en,
				Base,
			);
			mainGroup = 138438F42887191E003C68EE;
			productRefGroup = 138438FE2887191F003C68EE /* Products */;
			projectDirPath = "";
			projectRoot = "";
			targets = (
				138438FC2887191F003C68EE /* GetItTogetherApp */,
			);
		};
/* End PBXProject section */

/* Begin PBXResourcesBuildPhase section */
		138438FB2887191F003C68EE /* Resources */ = {
			isa = PBXResourcesBuildPhase;
			buildActionMask = 2147483647;
			files = (
				1384391028871921003C68EE /* LaunchScreen.storyboard in Resources */,
				1384390D28871921003C68EE /* Assets.xcassets in Resources */,
				138439082887191F003C68EE /* Main.storyboard in Resources */,
			);
			runOnlyForDeploymentPostprocessing = 0;
		};
/* End PBXResourcesBuildPhase section */

/* Begin PBXSourcesBuildPhase section */
		138438F92887191F003C68EE /* Sources */ = {
			isa = PBXSourcesBuildPhase;
			buildActionMask = 2147483647;
			files = (
				138439052887191F003C68EE /* ViewController.swift in Sources */,
				1384390B2887191F003C68EE /* GetItTogetherApp.xcdatamodeld in Sources */,
				138439012887191F003C68EE /* AppDelegate.swift in Sources */,
				896095162889D63800C3AB88 /* CalenderHelper.swift in Sources */,
				138439032887191F003C68EE /* SceneDelegate.swift in Sources */,
				896095142889A25700C3AB88 /* CalenderCell.swift in Sources */,
				89609518288A0FFF00C3AB88 /* getITTogether.2.swift in Sources */,
			);
			runOnlyForDeploymentPostprocessing = 0;
		};
/* End PBXSourcesBuildPhase section */

/* Begin PBXVariantGroup section */
		138439062887191F003C68EE /* Main.storyboard */ = {
			isa = PBXVariantGroup;
			children = (
				138439072887191F003C68EE /* Base */,
			);
			name = Main.storyboard;
			sourceTree = "<group>";
		};
		1384390E28871921003C68EE /* LaunchScreen.storyboard */ = {
			isa = PBXVariantGroup;
			children = (
				1384390F28871921003C68EE /* Base */,
			);
			name = LaunchScreen.storyboard;
			sourceTree = "<group>";
		};
/* End PBXVariantGroup section */

/* Begin XCBuildConfiguration section */
		1384391228871921003C68EE /* Debug */ = {
			isa = XCBuildConfiguration;
			buildSettings = {
				ALWAYS_SEARCH_USER_PATHS = NO;
				CLANG_ANALYZER_NONNULL = YES;
				CLANG_ANALYZER_NUMBER_OBJECT_CONVERSION = YES_AGGRESSIVE;
				CLANG_CXX_LANGUAGE_STANDARD = "gnu++17";
				CLANG_ENABLE_MODULES = YES;
				CLANG_ENABLE_OBJC_ARC = YES;
				CLANG_ENABLE_OBJC_WEAK = YES;
				CLANG_WARN_BLOCK_CAPTURE_AUTORELEASING = YES;
				CLANG_WARN_BOOL_CONVERSION = YES;
				CLANG_WARN_COMMA = YES;
				CLANG_WARN_CONSTANT_CONVERSION = YES;
				CLANG_WARN_DEPRECATED_OBJC_IMPLEMENTATIONS = YES;
				CLANG_WARN_DIRECT_OBJC_ISA_USAGE = YES_ERROR;
				CLANG_WARN_DOCUMENTATION_COMMENTS = YES;
				CLANG_WARN_EMPTY_BODY = YES;
				CLANG_WARN_ENUM_CONVERSION = YES;
				CLANG_WARN_INFINITE_RECURSION = YES;
				CLANG_WARN_INT_CONVERSION = YES;
				CLANG_WARN_NON_LITERAL_NULL_CONVERSION = YES;
				CLANG_WARN_OBJC_IMPLICIT_RETAIN_SELF = YES;
				CLANG_WARN_OBJC_LITERAL_CONVERSION = YES;
				CLANG_WARN_OBJC_ROOT_CLASS = YES_ERROR;
				CLANG_WARN_QUOTED_INCLUDE_IN_FRAMEWORK_HEADER = YES;
				CLANG_WARN_RANGE_LOOP_ANALYSIS = YES;
				CLANG_WARN_STRICT_PROTOTYPES = YES;
				CLANG_WARN_SUSPICIOUS_MOVE = YES;
				CLANG_WARN_UNGUARDED_AVAILABILITY = YES_AGGRESSIVE;
				CLANG_WARN_UNREACHABLE_CODE = YES;
				CLANG_WARN__DUPLICATE_METHOD_MATCH = YES;
				COPY_PHASE_STRIP = NO;
				DEBUG_INFORMATION_FORMAT = dwarf;
				ENABLE_STRICT_OBJC_MSGSEND = YES;
				ENABLE_TESTABILITY = YES;
				GCC_C_LANGUAGE_STANDARD = gnu11;
				GCC_DYNAMIC_NO_PIC = NO;
				GCC_NO_COMMON_BLOCKS = YES;
				GCC_OPTIMIZATION_LEVEL = 0;
				GCC_PREPROCESSOR_DEFINITIONS = (
					"DEBUG=1",
					"$(inherited)",
				);
				GCC_WARN_64_TO_32_BIT_CONVERSION = YES;
				GCC_WARN_ABOUT_RETURN_TYPE = YES_ERROR;
				GCC_WARN_UNDECLARED_SELECTOR = YES;
				GCC_WARN_UNINITIALIZED_AUTOS = YES_AGGRESSIVE;
				GCC_WARN_UNUSED_FUNCTION = YES;
				GCC_WARN_UNUSED_VARIABLE = YES;
				IPHONEOS_DEPLOYMENT_TARGET = 15.5;
				MTL_ENABLE_DEBUG_INFO = INCLUDE_SOURCE;
				MTL_FAST_MATH = YES;
				ONLY_ACTIVE_ARCH = YES;
				SDKROOT = iphoneos;
				SWIFT_ACTIVE_COMPILATION_CONDITIONS = DEBUG;
				SWIFT_OPTIMIZATION_LEVEL = "-Onone";
			};
			name = Debug;
		};
		1384391328871921003C68EE /* Release */ = {
			isa = XCBuildConfiguration;
			buildSettings = {
				ALWAYS_SEARCH_USER_PATHS = NO;
				CLANG_ANALYZER_NONNULL = YES;
				CLANG_ANALYZER_NUMBER_OBJECT_CONVERSION = YES_AGGRESSIVE;
				CLANG_CXX_LANGUAGE_STANDARD = "gnu++17";
				CLANG_ENABLE_MODULES = YES;
				CLANG_ENABLE_OBJC_ARC = YES;
				CLANG_ENABLE_OBJC_WEAK = YES;
				CLANG_WARN_BLOCK_CAPTURE_AUTORELEASING = YES;
				CLANG_WARN_BOOL_CONVERSION = YES;
				CLANG_WARN_COMMA = YES;
				CLANG_WARN_CONSTANT_CONVERSION = YES;
				CLANG_WARN_DEPRECATED_OBJC_IMPLEMENTATIONS = YES;
				CLANG_WARN_DIRECT_OBJC_ISA_USAGE = YES_ERROR;
				CLANG_WARN_DOCUMENTATION_COMMENTS = YES;
				CLANG_WARN_EMPTY_BODY = YES;
				CLANG_WARN_ENUM_CONVERSION = YES;
				CLANG_WARN_INFINITE_RECURSION = YES;
				CLANG_WARN_INT_CONVERSION = YES;
				CLANG_WARN_NON_LITERAL_NULL_CONVERSION = YES;
				CLANG_WARN_OBJC_IMPLICIT_RETAIN_SELF = YES;
				CLANG_WARN_OBJC_LITERAL_CONVERSION = YES;
				CLANG_WARN_OBJC_ROOT_CLASS = YES_ERROR;
				CLANG_WARN_QUOTED_INCLUDE_IN_FRAMEWORK_HEADER = YES;
				CLANG_WARN_RANGE_LOOP_ANALYSIS = YES;
				CLANG_WARN_STRICT_PROTOTYPES = YES;
				CLANG_WARN_SUSPICIOUS_MOVE = YES;
				CLANG_WARN_UNGUARDED_AVAILABILITY = YES_AGGRESSIVE;
				CLANG_WARN_UNREACHABLE_CODE = YES;
				CLANG_WARN__DUPLICATE_METHOD_MATCH = YES;
				COPY_PHASE_STRIP = NO;
				DEBUG_INFORMATION_FORMAT = "dwarf-with-dsym";
				ENABLE_NS_ASSERTIONS = NO;
				ENABLE_STRICT_OBJC_MSGSEND = YES;
				GCC_C_LANGUAGE_STANDARD = gnu11;
				GCC_NO_COMMON_BLOCKS = YES;
				GCC_WARN_64_TO_32_BIT_CONVERSION = YES;
				GCC_WARN_ABOUT_RETURN_TYPE = YES_ERROR;
				GCC_WARN_UNDECLARED_SELECTOR = YES;
				GCC_WARN_UNINITIALIZED_AUTOS = YES_AGGRESSIVE;
				GCC_WARN_UNUSED_FUNCTION = YES;
				GCC_WARN_UNUSED_VARIABLE = YES;
				IPHONEOS_DEPLOYMENT_TARGET = 15.5;
				MTL_ENABLE_DEBUG_INFO = NO;
				MTL_FAST_MATH = YES;
				SDKROOT = iphoneos;
				SWIFT_COMPILATION_MODE = wholemodule;
				SWIFT_OPTIMIZATION_LEVEL = "-O";
				VALIDATE_PRODUCT = YES;
			};
			name = Release;
		};
		1384391528871921003C68EE /* Debug */ = {
			isa = XCBuildConfiguration;
			buildSettings = {
				ASSETCATALOG_COMPILER_APPICON_NAME = AppIcon;
				ASSETCATALOG_COMPILER_GLOBAL_ACCENT_COLOR_NAME = AccentColor;
				CODE_SIGN_STYLE = Automatic;
				CURRENT_PROJECT_VERSION = 1;
				DEVELOPMENT_TEAM = 7UH65DH27P;
				GENERATE_INFOPLIST_FILE = YES;
				INFOPLIST_FILE = GetItTogetherApp/Info.plist;
				INFOPLIST_KEY_UIApplicationSupportsIndirectInputEvents = YES;
				INFOPLIST_KEY_UILaunchStoryboardName = LaunchScreen;
				INFOPLIST_KEY_UIMainStoryboardFile = Main;
				INFOPLIST_KEY_UISupportedInterfaceOrientations_iPad = "UIInterfaceOrientationPortrait UIInterfaceOrientationPortraitUpsideDown UIInterfaceOrientationLandscapeLeft UIInterfaceOrientationLandscapeRight";
				INFOPLIST_KEY_UISupportedInterfaceOrientations_iPhone = "UIInterfaceOrientationPortrait UIInterfaceOrientationLandscapeLeft UIInterfaceOrientationLandscapeRight";
				LD_RUNPATH_SEARCH_PATHS = (
					"$(inherited)",
					"@executable_path/Frameworks",
				);
				MARKETING_VERSION = 1.0;
				PRODUCT_BUNDLE_IDENTIFIER = com.example.kwk.GetItTogetherApp;
				PRODUCT_NAME = "$(TARGET_NAME)";
				SWIFT_EMIT_LOC_STRINGS = YES;
				SWIFT_VERSION = 5.0;
				TARGETED_DEVICE_FAMILY = "1,2";
			};
			name = Debug;
		};
		1384391628871921003C68EE /* Release */ = {
			isa = XCBuildConfiguration;
			buildSettings = {
				ASSETCATALOG_COMPILER_APPICON_NAME = AppIcon;
				ASSETCATALOG_COMPILER_GLOBAL_ACCENT_COLOR_NAME = AccentColor;
				CODE_SIGN_STYLE = Automatic;
				CURRENT_PROJECT_VERSION = 1;
				DEVELOPMENT_TEAM = 7UH65DH27P;
				GENERATE_INFOPLIST_FILE = YES;
				INFOPLIST_FILE = GetItTogetherApp/Info.plist;
				INFOPLIST_KEY_UIApplicationSupportsIndirectInputEvents = YES;
				INFOPLIST_KEY_UILaunchStoryboardName = LaunchScreen;
				INFOPLIST_KEY_UIMainStoryboardFile = Main;
				INFOPLIST_KEY_UISupportedInterfaceOrientations_iPad = "UIInterfaceOrientationPortrait UIInterfaceOrientationPortraitUpsideDown UIInterfaceOrientationLandscapeLeft UIInterfaceOrientationLandscapeRight";
				INFOPLIST_KEY_UISupportedInterfaceOrientations_iPhone = "UIInterfaceOrientationPortrait UIInterfaceOrientationLandscapeLeft UIInterfaceOrientationLandscapeRight";
				LD_RUNPATH_SEARCH_PATHS = (
					"$(inherited)",
					"@executable_path/Frameworks",
				);
				MARKETING_VERSION = 1.0;
				PRODUCT_BUNDLE_IDENTIFIER = com.example.kwk.GetItTogetherApp;
				PRODUCT_NAME = "$(TARGET_NAME)";
				SWIFT_EMIT_LOC_STRINGS = YES;
				SWIFT_VERSION = 5.0;
				TARGETED_DEVICE_FAMILY = "1,2";
			};
			name = Release;
		};
/* End XCBuildConfiguration section */

/* Begin XCConfigurationList section */
		138438F82887191E003C68EE /* Build configuration list for PBXProject "GetItTogetherApp" */ = {
			isa = XCConfigurationList;
			buildConfigurations = (
				1384391228871921003C68EE /* Debug */,
				1384391328871921003C68EE /* Release */,
			);
			defaultConfigurationIsVisible = 0;
			defaultConfigurationName = Release;
		};
		1384391428871921003C68EE /* Build configuration list for PBXNativeTarget "GetItTogetherApp" */ = {
			isa = XCConfigurationList;
			buildConfigurations = (
				1384391528871921003C68EE /* Debug */,
				1384391628871921003C68EE /* Release */,
			);
			defaultConfigurationIsVisible = 0;
			defaultConfigurationName = Release;
		};
/* End XCConfigurationList section */

/* Begin XCVersionGroup section */
		138439092887191F003C68EE /* GetItTogetherApp.xcdatamodeld */ = {
			isa = XCVersionGroup;
			children = (
				1384390A2887191F003C68EE /* GetItTogetherApp.xcdatamodel */,
			);
			currentVersion = 1384390A2887191F003C68EE /* GetItTogetherApp.xcdatamodel */;
			path = GetItTogetherApp.xcdatamodeld;
			sourceTree = "<group>";
			versionGroupType = wrapper.xcdatamodel;
		};
/* End XCVersionGroup section */
	};
	rootObject = 138438F52887191E003C68EE /* Project object */;
}
